j.res.24o.it/js2013/soleLibPlugins.js
js2.corriereobjects.it/dizionari/htdocs/dizionari_esplora/includes/dizionari.js
terza_colonna_tzetze_ajax.html
www.adnkronos.com###right
torrentz.eu/img/dc/*.gif
www.repubblica.it/sharedfiles/images/ge_network_icon_collapsed_v2.gif
www.lettera43.it##.right-col
www.lettera43.it###apDiv1
